github.com/ikawaha/kagome-dict v1.0.5 h1:7eUhaCuktTBVduV1/GwsEAR55ewBRJ2dDHtrzQHOnKc=
github.com/ikawaha/kagome-dict v1.0.5/go.mod h1:IMAq6d/YI2kDegn2smxhOjejGX4aes5JgCeFik6zFXI=
github.com/ikawaha/kagome-dict/ipa v1.0.6 h1:+v9o37pjnlZGVm2Jv98jxuZ+RJO3ZCEWa+ownJL6AMg=
github.com/ikawaha/kagome-dict/ipa v1.0.6/go.mod h1:+ydIDyvA+g6weyS362m1Q4xT19kJUlF2ciBqbnOQ7WE=
github.com/ikawaha/kagome/v2 v2.8.2 h1:vpZyqcJvPwSoHGpLp5tV/jkfLu/6xMQp/XiLbqgbHVM=
github.com/ikawaha/kagome/v2 v2.8.2/go.mod h1:JhEWJvSq0RjE6eStA7SMe1u26UdvszWuneB1BJosXZI=
golang.org/x/text v0.3.7 h1:olpwvP2KacW1ZWvsR7uQhoyTYvKAupfQrRGBFM352Gk=
golang.org/x/text v0.3.7/go.mod h1:u+2+/6zg+i71rQMx5EYifcz6MCKuco9NR6JIITiCfzQ=
